{
  "object": {
    "pins": [
      {
        "package": "OneOfUs",
        "repositoryURL": "git@github.com:trafi/OneOfUs.git",
        "state": {
          "branch": null,
          "revision": "45e2685bb7d39b1aaf0b9e9cb7f57fbb4919e068",
          "version": "0.1.0"
        }
      }
    ]
  },
  "version": 1
}
